
Microsoft Visual Studio Solution File, Format Version 12.00
# Visual Studio Version 16
VisualStudioVersion = 16.0.32002.261
MinimumVisualStudioVersion = 10.0.40219.1
Project("{FAE04EC0-301F-11D3-BF4B-00C04F79EFBC}") = "LibraryGUI", "LibraryClass\LibraryGUI.csproj", "{EA2CC422-39D1-46FC-8BEC-6BB341470F49}"
EndProject
Project("{FAE04EC0-301F-11D3-BF4B-00C04F79EFBC}") = "LibraryClassBAL", "LibraryClassBAL\LibraryClassBAL.csproj", "{5EBF6706-6987-4942-A757-F854BAED0ADB}"
EndProject
Project("{FAE04EC0-301F-11D3-BF4B-00C04F79EFBC}") = "ClassLibraryDAL", "ClassLibraryDAL\ClassLibraryDAL.csproj", "{9DD12B02-631F-4331-9468-58C5D5B4BA97}"
EndProject
Project("{FAE04EC0-301F-11D3-BF4B-00C04F79EFBC}") = "ClassLibraryDTO", "ClassLibraryDTO\ClassLibraryDTO.csproj", "{638CFD51-4238-42DA-9BFA-94FBB1ACE612}"
EndProject
Global
	GlobalSection(SolutionConfigurationPlatforms) = preSolution
		Debug|Any CPU = Debug|Any CPU
		Release|Any CPU = Release|Any CPU
	EndGlobalSection
	GlobalSection(ProjectConfigurationPlatforms) = postSolution
		{EA2CC422-39D1-46FC-8BEC-6BB341470F49}.Debug|Any CPU.ActiveCfg = Debug|Any CPU
		{EA2CC422-39D1-46FC-8BEC-6BB341470F49}.Debug|Any CPU.Build.0 = Debug|Any CPU
		{EA2CC422-39D1-46FC-8BEC-6BB341470F49}.Release|Any CPU.ActiveCfg = Release|Any CPU
		{EA2CC422-39D1-46FC-8BEC-6BB341470F49}.Release|Any CPU.Build.0 = Release|Any CPU
		{5EBF6706-6987-4942-A757-F854BAED0ADB}.Debug|Any CPU.ActiveCfg = Debug|Any CPU
		{5EBF6706-6987-4942-A757-F854BAED0ADB}.Debug|Any CPU.Build.0 = Debug|Any CPU
		{5EBF6706-6987-4942-A757-F854BAED0ADB}.Release|Any CPU.ActiveCfg = Release|Any CPU
		{5EBF6706-6987-4942-A757-F854BAED0ADB}.Release|Any CPU.Build.0 = Release|Any CPU
		{9DD12B02-631F-4331-9468-58C5D5B4BA97}.Debug|Any CPU.ActiveCfg = Debug|Any CPU
		{9DD12B02-631F-4331-9468-58C5D5B4BA97}.Debug|Any CPU.Build.0 = Debug|Any CPU
		{9DD12B02-631F-4331-9468-58C5D5B4BA97}.Release|Any CPU.ActiveCfg = Release|Any CPU
		{9DD12B02-631F-4331-9468-58C5D5B4BA97}.Release|Any CPU.Build.0 = Release|Any CPU
		{638CFD51-4238-42DA-9BFA-94FBB1ACE612}.Debug|Any CPU.ActiveCfg = Debug|Any CPU
		{638CFD51-4238-42DA-9BFA-94FBB1ACE612}.Debug|Any CPU.Build.0 = Debug|Any CPU
		{638CFD51-4238-42DA-9BFA-94FBB1ACE612}.Release|Any CPU.ActiveCfg = Release|Any CPU
		{638CFD51-4238-42DA-9BFA-94FBB1ACE612}.Release|Any CPU.Build.0 = Release|Any CPU
	EndGlobalSection
	GlobalSection(SolutionProperties) = preSolution
		HideSolutionNode = FALSE
	EndGlobalSection
	GlobalSection(ExtensibilityGlobals) = postSolution
		SolutionGuid = {BB45B2E0-EC5D-4D23-BF15-84737CBA04E3}
	EndGlobalSection
EndGlobal
